
Microsoft Visual Studio Solution File, Format Version 12.00
# Visual Studio Version 16
VisualStudioVersion = 16.0.33130.400
MinimumVisualStudioVersion = 10.0.40219.1
Project("{FAE04EC0-301F-11D3-BF4B-00C04F79EFBC}") = "SalesWebMvc", "SalesWebMvc\SalesWebMvc.csproj", "{FB9644A3-BF5D-4455-A907-DEE3EA4ABC4E}"
EndProject
Global
	GlobalSection(SolutionConfigurationPlatforms) = preSolution
		Debug|Any CPU = Debug|Any CPU
		Release|Any CPU = Release|Any CPU
	EndGlobalSection
	GlobalSection(ProjectConfigurationPlatforms) = postSolution
		{FB9644A3-BF5D-4455-A907-DEE3EA4ABC4E}.Debug|Any CPU.ActiveCfg = Debug|Any CPU
		{FB9644A3-BF5D-4455-A907-DEE3EA4ABC4E}.Debug|Any CPU.Build.0 = Debug|Any CPU
		{FB9644A3-BF5D-4455-A907-DEE3EA4ABC4E}.Release|Any CPU.ActiveCfg = Release|Any CPU
		{FB9644A3-BF5D-4455-A907-DEE3EA4ABC4E}.Release|Any CPU.Build.0 = Release|Any CPU
	EndGlobalSection
	GlobalSection(SolutionProperties) = preSolution
		HideSolutionNode = FALSE
	EndGlobalSection
	GlobalSection(ExtensibilityGlobals) = postSolution
		SolutionGuid = {FB9B6A7B-EADA-4802-81A4-6D192491152C}
	EndGlobalSection
EndGlobal
